
Microsoft Visual Studio Solution File, Format Version 12.00
# Visual Studio Version 16
VisualStudioVersion = 16.0.29911.84
MinimumVisualStudioVersion = 10.0.40219.1
Project("{FAE04EC0-301F-11D3-BF4B-00C04F79EFBC}") = "TaskWaitAllToWaitAnalyzer", "TaskWaitAllToWaitAnalyzer\TaskWaitAllToWaitAnalyzer\TaskWaitAllToWaitAnalyzer.csproj", "{7335A39D-3EBB-4CFF-8366-83F01EF4E22E}"
EndProject
Project("{FAE04EC0-301F-11D3-BF4B-00C04F79EFBC}") = "TaskWaitAllToWaitAnalyzer.Test", "TaskWaitAllToWaitAnalyzer\TaskWaitAllToWaitAnalyzer.Test\TaskWaitAllToWaitAnalyzer.Test.csproj", "{826ADB04-AD4B-4CE3-8714-0690ECD38E85}"
EndProject
Project("{FAE04EC0-301F-11D3-BF4B-00C04F79EFBC}") = "TaskWaitAllToWaitAnalyzer.Vsix", "TaskWaitAllToWaitAnalyzer\TaskWaitAllToWaitAnalyzer.Vsix\TaskWaitAllToWaitAnalyzer.Vsix.csproj", "{71066DF7-FF40-481B-9C0B-16F723C42CBF}"
EndProject
Global
	GlobalSection(SolutionConfigurationPlatforms) = preSolution
		Debug|Any CPU = Debug|Any CPU
		Release|Any CPU = Release|Any CPU
	EndGlobalSection
	GlobalSection(ProjectConfigurationPlatforms) = postSolution
		{7335A39D-3EBB-4CFF-8366-83F01EF4E22E}.Debug|Any CPU.ActiveCfg = Debug|Any CPU
		{7335A39D-3EBB-4CFF-8366-83F01EF4E22E}.Debug|Any CPU.Build.0 = Debug|Any CPU
		{7335A39D-3EBB-4CFF-8366-83F01EF4E22E}.Release|Any CPU.ActiveCfg = Release|Any CPU
		{7335A39D-3EBB-4CFF-8366-83F01EF4E22E}.Release|Any CPU.Build.0 = Release|Any CPU
		{826ADB04-AD4B-4CE3-8714-0690ECD38E85}.Debug|Any CPU.ActiveCfg = Debug|Any CPU
		{826ADB04-AD4B-4CE3-8714-0690ECD38E85}.Debug|Any CPU.Build.0 = Debug|Any CPU
		{826ADB04-AD4B-4CE3-8714-0690ECD38E85}.Release|Any CPU.ActiveCfg = Release|Any CPU
		{826ADB04-AD4B-4CE3-8714-0690ECD38E85}.Release|Any CPU.Build.0 = Release|Any CPU
		{71066DF7-FF40-481B-9C0B-16F723C42CBF}.Debug|Any CPU.ActiveCfg = Debug|Any CPU
		{71066DF7-FF40-481B-9C0B-16F723C42CBF}.Debug|Any CPU.Build.0 = Debug|Any CPU
		{71066DF7-FF40-481B-9C0B-16F723C42CBF}.Release|Any CPU.ActiveCfg = Release|Any CPU
		{71066DF7-FF40-481B-9C0B-16F723C42CBF}.Release|Any CPU.Build.0 = Release|Any CPU
	EndGlobalSection
	GlobalSection(SolutionProperties) = preSolution
		HideSolutionNode = FALSE
	EndGlobalSection
	GlobalSection(ExtensibilityGlobals) = postSolution
		SolutionGuid = {3876DFC3-5245-4643-BFDD-8055CDCD2863}
	EndGlobalSection
EndGlobal
